
Microsoft Visual Studio Solution File, Format Version 12.00
# Visual Studio 15
VisualStudioVersion = 15.0.27130.2026
MinimumVisualStudioVersion = 10.0.40219.1
Project("{FAE04EC0-301F-11D3-BF4B-00C04F79EFBC}") = "demo", "demo\demo.csproj", "{F3F01C9A-F9C8-4DE8-9AE9-9C1B78834C9F}"
EndProject
Project("{E53339B2-1760-4266-BCC7-CA923CBCF16C}") = "docker-compose", "docker-compose.dcproj", "{0DC034F6-7A38-49DF-9E64-8A0B6690299A}"
EndProject
Global
	GlobalSection(SolutionConfigurationPlatforms) = preSolution
		Debug|Any CPU = Debug|Any CPU
		Release|Any CPU = Release|Any CPU
	EndGlobalSection
	GlobalSection(ProjectConfigurationPlatforms) = postSolution
		{F3F01C9A-F9C8-4DE8-9AE9-9C1B78834C9F}.Debug|Any CPU.ActiveCfg = Debug|Any CPU
		{F3F01C9A-F9C8-4DE8-9AE9-9C1B78834C9F}.Debug|Any CPU.Build.0 = Debug|Any CPU
		{F3F01C9A-F9C8-4DE8-9AE9-9C1B78834C9F}.Release|Any CPU.ActiveCfg = Release|Any CPU
		{F3F01C9A-F9C8-4DE8-9AE9-9C1B78834C9F}.Release|Any CPU.Build.0 = Release|Any CPU
		{0DC034F6-7A38-49DF-9E64-8A0B6690299A}.Debug|Any CPU.ActiveCfg = Debug|Any CPU
		{0DC034F6-7A38-49DF-9E64-8A0B6690299A}.Debug|Any CPU.Build.0 = Debug|Any CPU
		{0DC034F6-7A38-49DF-9E64-8A0B6690299A}.Release|Any CPU.ActiveCfg = Release|Any CPU
		{0DC034F6-7A38-49DF-9E64-8A0B6690299A}.Release|Any CPU.Build.0 = Release|Any CPU
	EndGlobalSection
	GlobalSection(SolutionProperties) = preSolution
		HideSolutionNode = FALSE
	EndGlobalSection
	GlobalSection(ExtensibilityGlobals) = postSolution
		SolutionGuid = {0EB7FC08-D6C3-498F-B3E6-563DD6757036}
	EndGlobalSection
EndGlobal
